
Microsoft Visual Studio Solution File, Format Version 12.00
# Visual Studio Version 17
VisualStudioVersion = 17.3.32901.215
MinimumVisualStudioVersion = 10.0.40219.1
Project("{FAE04EC0-301F-11D3-BF4B-00C04F79EFBC}") = "WPFAppProject", "WPFAppProject\WPFAppProject.csproj", "{518B9C16-1187-436C-BA0A-E075980364FC}"
EndProject
Global
	GlobalSection(SolutionConfigurationPlatforms) = preSolution
		Debug|Any CPU = Debug|Any CPU
		Release|Any CPU = Release|Any CPU
	EndGlobalSection
	GlobalSection(ProjectConfigurationPlatforms) = postSolution
		{518B9C16-1187-436C-BA0A-E075980364FC}.Debug|Any CPU.ActiveCfg = Debug|Any CPU
		{518B9C16-1187-436C-BA0A-E075980364FC}.Debug|Any CPU.Build.0 = Debug|Any CPU
		{518B9C16-1187-436C-BA0A-E075980364FC}.Release|Any CPU.ActiveCfg = Release|Any CPU
		{518B9C16-1187-436C-BA0A-E075980364FC}.Release|Any CPU.Build.0 = Release|Any CPU
	EndGlobalSection
	GlobalSection(SolutionProperties) = preSolution
		HideSolutionNode = FALSE
	EndGlobalSection
	GlobalSection(ExtensibilityGlobals) = postSolution
		SolutionGuid = {FCCB1939-2CF6-4EBA-941F-83D9D1EE6304}
	EndGlobalSection
EndGlobal
